
Microsoft Visual Studio Solution File, Format Version 12.00
# Visual Studio Version 17
VisualStudioVersion = 17.4.33403.182
MinimumVisualStudioVersion = 10.0.40219.1
Project("{8BC9CEB8-8B4A-11D0-8D11-00A0C91BC942}") = "3P98-assignment-1", "3P98-2021-Template.vcxproj", "{C08C3839-DEE9-44ED-BCBB-47E784F260A7}"
EndProject
Global
	GlobalSection(SolutionConfigurationPlatforms) = preSolution
		Debug|x64 = Debug|x64
		Debug|x86 = Debug|x86
		Release|x64 = Release|x64
		Release|x86 = Release|x86
	EndGlobalSection
	GlobalSection(ProjectConfigurationPlatforms) = postSolution
		{C08C3839-DEE9-44ED-BCBB-47E784F260A7}.Debug|x64.ActiveCfg = Debug|x64
		{C08C3839-DEE9-44ED-BCBB-47E784F260A7}.Debug|x64.Build.0 = Debug|x64
		{C08C3839-DEE9-44ED-BCBB-47E784F260A7}.Debug|x86.ActiveCfg = Debug|Win32
		{C08C3839-DEE9-44ED-BCBB-47E784F260A7}.Debug|x86.Build.0 = Debug|Win32
		{C08C3839-DEE9-44ED-BCBB-47E784F260A7}.Release|x64.ActiveCfg = Release|x64
		{C08C3839-DEE9-44ED-BCBB-47E784F260A7}.Release|x64.Build.0 = Release|x64
		{C08C3839-DEE9-44ED-BCBB-47E784F260A7}.Release|x86.ActiveCfg = Release|Win32
		{C08C3839-DEE9-44ED-BCBB-47E784F260A7}.Release|x86.Build.0 = Release|Win32
	EndGlobalSection
	GlobalSection(SolutionProperties) = preSolution
		HideSolutionNode = FALSE
	EndGlobalSection
	GlobalSection(ExtensibilityGlobals) = postSolution
		SolutionGuid = {F6858AF9-3494-4F7F-900D-CB2989CF7A71}
	EndGlobalSection
EndGlobal
